// !$*UTF8*$!
{
	archiveVersion = 1;
	classes = {
	};
	objectVersion = 50;
	objects = {

/* Begin PBXBuildFile section */
		B47CB2B12480D0C20073A7D7 /* AppDelegate.swift in Sources */ = {isa = PBXBuildFile; fileRef = B47CB2B02480D0C20073A7D7 /* AppDelegate.swift */; };
		B47CB2B32480D0C20073A7D7 /* SceneDelegate.swift in Sources */ = {isa = PBXBuildFile; fileRef = B47CB2B22480D0C20073A7D7 /* SceneDelegate.swift */; };
		B47CB2B52480D0C20073A7D7 /* ViewController.swift in Sources */ = {isa = PBXBuildFile; fileRef = B47CB2B42480D0C20073A7D7 /* ViewController.swift */; };
		B47CB2B82480D0C20073A7D7 /* Main.storyboard in Resources */ = {isa = PBXBuildFile; fileRef = B47CB2B62480D0C20073A7D7 /* Main.storyboard */; };
		B47CB2BA2480D0C30073A7D7 /* Assets.xcassets in Resources */ = {isa = PBXBuildFile; fileRef = B47CB2B92480D0C30073A7D7 /* Assets.xcassets */; };
		B47CB2BD2480D0C30073A7D7 /* LaunchScreen.storyboard in Resources */ = {isa = PBXBuildFile; fileRef = B47CB2BB2480D0C30073A7D7 /* LaunchScreen.storyboard */; };
		B47CB2C82480D0C30073A7D7 /* tasizanTests.swift in Sources */ = {isa = PBXBuildFile; fileRef = B47CB2C72480D0C30073A7D7 /* tasizanTests.swift */; };
		B47CB2D32480D0C30073A7D7 /* tasizanUITests.swift in Sources */ = {isa = PBXBuildFile; fileRef = B47CB2D22480D0C30073A7D7 /* tasizanUITests.swift */; };
/* End PBXBuildFile section */

/* Begin PBXContainerItemProxy section */
		B47CB2C42480D0C30073A7D7 /* PBXContainerItemProxy */ = {
			isa = PBXContainerItemProxy;
			containerPortal = B47CB2A52480D0C20073A7D7 /* Project object */;
			proxyType = 1;
			remoteGlobalIDString = B47CB2AC2480D0C20073A7D7;
			remoteInfo = tasizan;
		};
		B47CB2CF2480D0C30073A7D7 /* PBXContainerItemProxy */ = {
			isa = PBXContainerItemProxy;
			containerPortal = B47CB2A52480D0C20073A7D7 /* Project object */;
			proxyType = 1;
			remoteGlobalIDString = B47CB2AC2480D0C20073A7D7;
			remoteInfo = tasizan;
		};
/* End PBXContainerItemProxy section */

/* Begin PBXFileReference section */
		B47CB2AD2480D0C20073A7D7 /* tasizan.app */ = {isa = PBXFileReference; explicitFileType = wrapper.application; includeInIndex = 0; path = tasizan.app; sourceTree = BUILT_PRODUCTS_DIR; };
		B47CB2B02480D0C20073A7D7 /* AppDelegate.swift */ = {isa = PBXFileReference; lastKnownFileType = sourcecode.swift; path = AppDelegate.swift; sourceTree = "<group>"; };
		B47CB2B22480D0C20073A7D7 /* SceneDelegate.swift */ = {isa = PBXFileReference; lastKnownFileType = sourcecode.swift; path = SceneDelegate.swift; sourceTree = "<group>"; };
		B47CB2B42480D0C20073A7D7 /* ViewController.swift */ = {isa = PBXFileReference; lastKnownFileType = sourcecode.swift; path = ViewController.swift; sourceTree = "<group>"; };
		B47CB2B72480D0C20073A7D7 /* Base */ = {isa = PBXFileReference; lastKnownFileType = file.storyboard; name = Base; path = Base.lproj/Main.storyboard; sourceTree = "<group>"; };
		B47CB2B92480D0C30073A7D7 /* Assets.xcassets */ = {isa = PBXFileReference; lastKnownFileType = folder.assetcatalog; path = Assets.xcassets; sourceTree = "<group>"; };
		B47CB2BC2480D0C30073A7D7 /* Base */ = {isa = PBXFileReference; lastKnownFileType = file.storyboard; name = Base; path = Base.lproj/LaunchScreen.storyboard; sourceTree = "<group>"; };
		B47CB2BE2480D0C30073A7D7 /* Info.plist */ = {isa = PBXFileReference; lastKnownFileType = text.plist.xml; path = Info.plist; sourceTree = "<group>"; };
		B47CB2C32480D0C30073A7D7 /* tasizanTests.xctest */ = {isa = PBXFileReference; explicitFileType = wrapper.cfbundle; includeInIndex = 0; path = tasizanTests.xctest; sourceTree = BUILT_PRODUCTS_DIR; };
		B47CB2C72480D0C30073A7D7 /* tasizanTests.swift */ = {isa = PBXFileReference; lastKnownFileType = sourcecode.swift; path = tasizanTests.swift; sourceTree = "<group>"; };
		B47CB2C92480D0C30073A7D7 /* Info.plist */ = {isa = PBXFileReference; lastKnownFileType = text.plist.xml; path = Info.plist; sourceTree = "<group>"; };
		B47CB2CE2480D0C30073A7D7 /* tasizanUITests.xctest */ = {isa = PBXFileReference; explicitFileType = wrapper.cfbundle; includeInIndex = 0; path = tasizanUITests.xctest; sourceTree = BUILT_PRODUCTS_DIR; };
		B47CB2D22480D0C30073A7D7 /* tasizanUITests.swift */ = {isa = PBXFileReference; lastKnownFileType = sourcecode.swift; path = tasizanUITests.swift; sourceTree = "<group>"; };
		B47CB2D42480D0C30073A7D7 /* Info.plist */ = {isa = PBXFileReference; lastKnownFileType = text.plist.xml; path = Info.plist; sourceTree = "<group>"; };
/* End PBXFileReference section */

/* Begin PBXFrameworksBuildPhase section */
		B47CB2AA2480D0C20073A7D7 /* Frameworks */ = {
			isa = PBXFrameworksBuildPhase;
			buildActionMask = 2147483647;
			files = (
			);
			runOnlyForDeploymentPostprocessing = 0;
		};
		B47CB2C02480D0C30073A7D7 /* Frameworks */ = {
			isa = PBXFrameworksBuildPhase;
			buildActionMask = 2147483647;
			files = (
			);
			runOnlyForDeploymentPostprocessing = 0;
		};
		B47CB2CB2480D0C30073A7D7 /* Frameworks */ = {
			isa = PBXFrameworksBuildPhase;
			buildActionMask = 2147483647;
			files = (
			);
			runOnlyForDeploymentPostprocessing = 0;
		};
/* End PBXFrameworksBuildPhase section */

/* Begin PBXGroup section */
		B47CB2A42480D0C20073A7D7 = {
			isa = PBXGroup;
			children = (
				B47CB2AF2480D0C20073A7D7 /* tasizan */,
				B47CB2C62480D0C30073A7D7 /* tasizanTests */,
				B47CB2D12480D0C30073A7D7 /* tasizanUITests */,
				B47CB2AE2480D0C20073A7D7 /* Products */,
			);
			sourceTree = "<group>";
		};
		B47CB2AE2480D0C20073A7D7 /* Products */ = {
			isa = PBXGroup;
			children = (
				B47CB2AD2480D0C20073A7D7 /* tasizan.app */,
				B47CB2C32480D0C30073A7D7 /* tasizanTests.xctest */,
				B47CB2CE2480D0C30073A7D7 /* tasizanUITests.xctest */,
			);
			name = Products;
			sourceTree = "<group>";
		};
		B47CB2AF2480D0C20073A7D7 /* tasizan */ = {
			isa = PBXGroup;
			children = (
				B47CB2B02480D0C20073A7D7 /* AppDelegate.swift */,
				B47CB2B22480D0C20073A7D7 /* SceneDelegate.swift */,
				B47CB2B42480D0C20073A7D7 /* ViewController.swift */,
				B47CB2B62480D0C20073A7D7 /* Main.storyboard */,
				B47CB2B92480D0C30073A7D7 /* Assets.xcassets */,
				B47CB2BB2480D0C30073A7D7 /* LaunchScreen.storyboard */,
				B47CB2BE2480D0C30073A7D7 /* Info.plist */,
			);
			path = tasizan;
			sourceTree = "<group>";
		};
		B47CB2C62480D0C30073A7D7 /* tasizanTests */ = {
			isa = PBXGroup;
			children = (
				B47CB2C72480D0C30073A7D7 /* tasizanTests.swift */,
				B47CB2C92480D0C30073A7D7 /* Info.plist */,
			);
			path = tasizanTests;
			sourceTree = "<group>";
		};
		B47CB2D12480D0C30073A7D7 /* tasizanUITests */ = {
			isa = PBXGroup;
			children = (
				B47CB2D22480D0C30073A7D7 /* tasizanUITests.swift */,
				B47CB2D42480D0C30073A7D7 /* Info.plist */,
			);
			path = tasizanUITests;
			sourceTree = "<group>";
		};
/* End PBXGroup section */

/* Begin PBXNativeTarget section */
		B47CB2AC2480D0C20073A7D7 /* tasizan */ = {
			isa = PBXNativeTarget;
			buildConfigurationList = B47CB2D72480D0C30073A7D7 /* Build configuration list for PBXNativeTarget "tasizan" */;
			buildPhases = (
				B47CB2A92480D0C20073A7D7 /* Sources */,
				B47CB2AA2480D0C20073A7D7 /* Frameworks */,
				B47CB2AB2480D0C20073A7D7 /* Resources */,
			);
			buildRules = (
			);
			dependencies = (
			);
			name = tasizan;
			productName = tasizan;
			productReference = B47CB2AD2480D0C20073A7D7 /* tasizan.app */;
			productType = "com.apple.product-type.application";
		};
		B47CB2C22480D0C30073A7D7 /* tasizanTests */ = {
			isa = PBXNativeTarget;
			buildConfigurationList = B47CB2DA2480D0C30073A7D7 /* Build configuration list for PBXNativeTarget "tasizanTests" */;
			buildPhases = (
				B47CB2BF2480D0C30073A7D7 /* Sources */,
				B47CB2C02480D0C30073A7D7 /* Frameworks */,
				B47CB2C12480D0C30073A7D7 /* Resources */,
			);
			buildRules = (
			);
			dependencies = (
				B47CB2C52480D0C30073A7D7 /* PBXTargetDependency */,
			);
			name = tasizanTests;
			productName = tasizanTests;
			productReference = B47CB2C32480D0C30073A7D7 /* tasizanTests.xctest */;
			productType = "com.apple.product-type.bundle.unit-test";
		};
		B47CB2CD2480D0C30073A7D7 /* tasizanUITests */ = {
			isa = PBXNativeTarget;
			buildConfigurationList = B47CB2DD2480D0C30073A7D7 /* Build configuration list for PBXNativeTarget "tasizanUITests" */;
			buildPhases = (
				B47CB2CA2480D0C30073A7D7 /* Sources */,
				B47CB2CB2480D0C30073A7D7 /* Frameworks */,
				B47CB2CC2480D0C30073A7D7 /* Resources */,
			);
			buildRules = (
			);
			dependencies = (
				B47CB2D02480D0C30073A7D7 /* PBXTargetDependency */,
			);
			name = tasizanUITests;
			productName = tasizanUITests;
			productReference = B47CB2CE2480D0C30073A7D7 /* tasizanUITests.xctest */;
			productType = "com.apple.product-type.bundle.ui-testing";
		};
/* End PBXNativeTarget section */

/* Begin PBXProject section */
		B47CB2A52480D0C20073A7D7 /* Project object */ = {
			isa = PBXProject;
			attributes = {
				LastSwiftUpdateCheck = 1150;
				LastUpgradeCheck = 1150;
				ORGANIZATIONNAME = DEAUX;
				TargetAttributes = {
					B47CB2AC2480D0C20073A7D7 = {
						CreatedOnToolsVersion = 11.5;
					};
					B47CB2C22480D0C30073A7D7 = {
						CreatedOnToolsVersion = 11.5;
						TestTargetID = B47CB2AC2480D0C20073A7D7;
					};
					B47CB2CD2480D0C30073A7D7 = {
						CreatedOnToolsVersion = 11.5;
						TestTargetID = B47CB2AC2480D0C20073A7D7;
					};
				};
			};
			buildConfigurationList = B47CB2A82480D0C20073A7D7 /* Build configuration list for PBXProject "tasizan" */;
			compatibilityVersion = "Xcode 9.3";
			developmentRegion = en;
			hasScannedForEncodings = 0;
			knownRegions = (
				en,
				Base,
			);
			mainGroup = B47CB2A42480D0C20073A7D7;
			productRefGroup = B47CB2AE2480D0C20073A7D7 /* Products */;
			projectDirPath = "";
			projectRoot = "";
			targets = (
				B47CB2AC2480D0C20073A7D7 /* tasizan */,
				B47CB2C22480D0C30073A7D7 /* tasizanTests */,
				B47CB2CD2480D0C30073A7D7 /* tasizanUITests */,
			);
		};
/* End PBXProject section */

/* Begin PBXResourcesBuildPhase section */
		B47CB2AB2480D0C20073A7D7 /* Resources */ = {
			isa = PBXResourcesBuildPhase;
			buildActionMask = 2147483647;
			files = (
				B47CB2BD2480D0C30073A7D7 /* LaunchScreen.storyboard in Resources */,
				B47CB2BA2480D0C30073A7D7 /* Assets.xcassets in Resources */,
				B47CB2B82480D0C20073A7D7 /* Main.storyboard in Resources */,
			);
			runOnlyForDeploymentPostprocessing = 0;
		};
		B47CB2C12480D0C30073A7D7 /* Resources */ = {
			isa = PBXResourcesBuildPhase;
			buildActionMask = 2147483647;
			files = (
			);
			runOnlyForDeploymentPostprocessing = 0;
		};
		B47CB2CC2480D0C30073A7D7 /* Resources */ = {
			isa = PBXResourcesBuildPhase;
			buildActionMask = 2147483647;
			files = (
			);
			runOnlyForDeploymentPostprocessing = 0;
		};
/* End PBXResourcesBuildPhase section */

/* Begin PBXSourcesBuildPhase section */
		B47CB2A92480D0C20073A7D7 /* Sources */ = {
			isa = PBXSourcesBuildPhase;
			buildActionMask = 2147483647;
			files = (
				B47CB2B52480D0C20073A7D7 /* ViewController.swift in Sources */,
				B47CB2B12480D0C20073A7D7 /* AppDelegate.swift in Sources */,
				B47CB2B32480D0C20073A7D7 /* SceneDelegate.swift in Sources */,
			);
			runOnlyForDeploymentPostprocessing = 0;
		};
		B47CB2BF2480D0C30073A7D7 /* Sources */ = {
			isa = PBXSourcesBuildPhase;
			buildActionMask = 2147483647;
			files = (
				B47CB2C82480D0C30073A7D7 /* tasizanTests.swift in Sources */,
			);
			runOnlyForDeploymentPostprocessing = 0;
		};
		B47CB2CA2480D0C30073A7D7 /* Sources */ = {
			isa = PBXSourcesBuildPhase;
			buildActionMask = 2147483647;
			files = (
				B47CB2D32480D0C30073A7D7 /* tasizanUITests.swift in Sources */,
			);
			runOnlyForDeploymentPostprocessing = 0;
		};
/* End PBXSourcesBuildPhase section */

/* Begin PBXTargetDependency section */
		B47CB2C52480D0C30073A7D7 /* PBXTargetDependency */ = {
			isa = PBXTargetDependency;
			target = B47CB2AC2480D0C20073A7D7 /* tasizan */;
			targetProxy = B47CB2C42480D0C30073A7D7 /* PBXContainerItemProxy */;
		};
		B47CB2D02480D0C30073A7D7 /* PBXTargetDependency */ = {
			isa = PBXTargetDependency;
			target = B47CB2AC2480D0C20073A7D7 /* tasizan */;
			targetProxy = B47CB2CF2480D0C30073A7D7 /* PBXContainerItemProxy */;
		};
/* End PBXTargetDependency section */

/* Begin PBXVariantGroup section */
		B47CB2B62480D0C20073A7D7 /* Main.storyboard */ = {
			isa = PBXVariantGroup;
			children = (
				B47CB2B72480D0C20073A7D7 /* Base */,
			);
			name = Main.storyboard;
			sourceTree = "<group>";
		};
		B47CB2BB2480D0C30073A7D7 /* LaunchScreen.storyboard */ = {
			isa = PBXVariantGroup;
			children = (
				B47CB2BC2480D0C30073A7D7 /* Base */,
			);
			name = LaunchScreen.storyboard;
			sourceTree = "<group>";
		};
/* End PBXVariantGroup section */

/* Begin XCBuildConfiguration section */
		B47CB2D52480D0C30073A7D7 /* Debug */ = {
			isa = XCBuildConfiguration;
			buildSettings = {
				ALWAYS_SEARCH_USER_PATHS = NO;
				CLANG_ANALYZER_NONNULL = YES;
				CLANG_ANALYZER_NUMBER_OBJECT_CONVERSION = YES_AGGRESSIVE;
				CLANG_CXX_LANGUAGE_STANDARD = "gnu++14";
				CLANG_CXX_LIBRARY = "libc++";
				CLANG_ENABLE_MODULES = YES;
				CLANG_ENABLE_OBJC_ARC = YES;
				CLANG_ENABLE_OBJC_WEAK = YES;
				CLANG_WARN_BLOCK_CAPTURE_AUTORELEASING = YES;
				CLANG_WARN_BOOL_CONVERSION = YES;
				CLANG_WARN_COMMA = YES;
				CLANG_WARN_CONSTANT_CONVERSION = YES;
				CLANG_WARN_DEPRECATED_OBJC_IMPLEMENTATIONS = YES;
				CLANG_WARN_DIRECT_OBJC_ISA_USAGE = YES_ERROR;
				CLANG_WARN_DOCUMENTATION_COMMENTS = YES;
				CLANG_WARN_EMPTY_BODY = YES;
				CLANG_WARN_ENUM_CONVERSION = YES;
				CLANG_WARN_INFINITE_RECURSION = YES;
				CLANG_WARN_INT_CONVERSION = YES;
				CLANG_WARN_NON_LITERAL_NULL_CONVERSION = YES;
				CLANG_WARN_OBJC_IMPLICIT_RETAIN_SELF = YES;
				CLANG_WARN_OBJC_LITERAL_CONVERSION = YES;
				CLANG_WARN_OBJC_ROOT_CLASS = YES_ERROR;
				CLANG_WARN_RANGE_LOOP_ANALYSIS = YES;
				CLANG_WARN_STRICT_PROTOTYPES = YES;
				CLANG_WARN_SUSPICIOUS_MOVE = YES;
				CLANG_WARN_UNGUARDED_AVAILABILITY = YES_AGGRESSIVE;
				CLANG_WARN_UNREACHABLE_CODE = YES;
				CLANG_WARN__DUPLICATE_METHOD_MATCH = YES;
				COPY_PHASE_STRIP = NO;
				DEBUG_INFORMATION_FORMAT = dwarf;
				ENABLE_STRICT_OBJC_MSGSEND = YES;
				ENABLE_TESTABILITY = YES;
				GCC_C_LANGUAGE_STANDARD = gnu11;
				GCC_DYNAMIC_NO_PIC = NO;
				GCC_NO_COMMON_BLOCKS = YES;
				GCC_OPTIMIZATION_LEVEL = 0;
				GCC_PREPROCESSOR_DEFINITIONS = (
					"DEBUG=1",
					"$(inherited)",
				);
				GCC_WARN_64_TO_32_BIT_CONVERSION = YES;
				GCC_WARN_ABOUT_RETURN_TYPE = YES_ERROR;
				GCC_WARN_UNDECLARED_SELECTOR = YES;
				GCC_WARN_UNINITIALIZED_AUTOS = YES_AGGRESSIVE;
				GCC_WARN_UNUSED_FUNCTION = YES;
				GCC_WARN_UNUSED_VARIABLE = YES;
				IPHONEOS_DEPLOYMENT_TARGET = 13.5;
				MTL_ENABLE_DEBUG_INFO = INCLUDE_SOURCE;
				MTL_FAST_MATH = YES;
				ONLY_ACTIVE_ARCH = YES;
				SDKROOT = iphoneos;
				SWIFT_ACTIVE_COMPILATION_CONDITIONS = DEBUG;
				SWIFT_OPTIMIZATION_LEVEL = "-Onone";
			};
			name = Debug;
		};
		B47CB2D62480D0C30073A7D7 /* Release */ = {
			isa = XCBuildConfiguration;
			buildSettings = {
				ALWAYS_SEARCH_USER_PATHS = NO;
				CLANG_ANALYZER_NONNULL = YES;
				CLANG_ANALYZER_NUMBER_OBJECT_CONVERSION = YES_AGGRESSIVE;
				CLANG_CXX_LANGUAGE_STANDARD = "gnu++14";
				CLANG_CXX_LIBRARY = "libc++";
				CLANG_ENABLE_MODULES = YES;
				CLANG_ENABLE_OBJC_ARC = YES;
				CLANG_ENABLE_OBJC_WEAK = YES;
				CLANG_WARN_BLOCK_CAPTURE_AUTORELEASING = YES;
				CLANG_WARN_BOOL_CONVERSION = YES;
				CLANG_WARN_COMMA = YES;
				CLANG_WARN_CONSTANT_CONVERSION = YES;
				CLANG_WARN_DEPRECATED_OBJC_IMPLEMENTATIONS = YES;
				CLANG_WARN_DIRECT_OBJC_ISA_USAGE = YES_ERROR;
				CLANG_WARN_DOCUMENTATION_COMMENTS = YES;
				CLANG_WARN_EMPTY_BODY = YES;
				CLANG_WARN_ENUM_CONVERSION = YES;
				CLANG_WARN_INFINITE_RECURSION = YES;
				CLANG_WARN_INT_CONVERSION = YES;
				CLANG_WARN_NON_LITERAL_NULL_CONVERSION = YES;
				CLANG_WARN_OBJC_IMPLICIT_RETAIN_SELF = YES;
				CLANG_WARN_OBJC_LITERAL_CONVERSION = YES;
				CLANG_WARN_OBJC_ROOT_CLASS = YES_ERROR;
				CLANG_WARN_RANGE_LOOP_ANALYSIS = YES;
				CLANG_WARN_STRICT_PROTOTYPES = YES;
				CLANG_WARN_SUSPICIOUS_MOVE = YES;
				CLANG_WARN_UNGUARDED_AVAILABILITY = YES_AGGRESSIVE;
				CLANG_WARN_UNREACHABLE_CODE = YES;
				CLANG_WARN__DUPLICATE_METHOD_MATCH = YES;
				COPY_PHASE_STRIP = NO;
				DEBUG_INFORMATION_FORMAT = "dwarf-with-dsym";
				ENABLE_NS_ASSERTIONS = NO;
				ENABLE_STRICT_OBJC_MSGSEND = YES;
				GCC_C_LANGUAGE_STANDARD = gnu11;
				GCC_NO_COMMON_BLOCKS = YES;
				GCC_WARN_64_TO_32_BIT_CONVERSION = YES;
				GCC_WARN_ABOUT_RETURN_TYPE = YES_ERROR;
				GCC_WARN_UNDECLARED_SELECTOR = YES;
				GCC_WARN_UNINITIALIZED_AUTOS = YES_AGGRESSIVE;
				GCC_WARN_UNUSED_FUNCTION = YES;
				GCC_WARN_UNUSED_VARIABLE = YES;
				IPHONEOS_DEPLOYMENT_TARGET = 13.5;
				MTL_ENABLE_DEBUG_INFO = NO;
				MTL_FAST_MATH = YES;
				SDKROOT = iphoneos;
				SWIFT_COMPILATION_MODE = wholemodule;
				SWIFT_OPTIMIZATION_LEVEL = "-O";
				VALIDATE_PRODUCT = YES;
			};
			name = Release;
		};
		B47CB2D82480D0C30073A7D7 /* Debug */ = {
			isa = XCBuildConfiguration;
			buildSettings = {
				ASSETCATALOG_COMPILER_APPICON_NAME = AppIcon;
				CODE_SIGN_STYLE = Automatic;
				INFOPLIST_FILE = tasizan/Info.plist;
				LD_RUNPATH_SEARCH_PATHS = (
					"$(inherited)",
					"@executable_path/Frameworks",
				);
				PRODUCT_BUNDLE_IDENTIFIER = DEAUX.tasizan;
				PRODUCT_NAME = "$(TARGET_NAME)";
				SWIFT_VERSION = 5.0;
				TARGETED_DEVICE_FAMILY = "1,2";
			};
			name = Debug;
		};
		B47CB2D92480D0C30073A7D7 /* Release */ = {
			isa = XCBuildConfiguration;
			buildSettings = {
				ASSETCATALOG_COMPILER_APPICON_NAME = AppIcon;
				CODE_SIGN_STYLE = Automatic;
				INFOPLIST_FILE = tasizan/Info.plist;
				LD_RUNPATH_SEARCH_PATHS = (
					"$(inherited)",
					"@executable_path/Frameworks",
				);
				PRODUCT_BUNDLE_IDENTIFIER = DEAUX.tasizan;
				PRODUCT_NAME = "$(TARGET_NAME)";
				SWIFT_VERSION = 5.0;
				TARGETED_DEVICE_FAMILY = "1,2";
			};
			name = Release;
		};
		B47CB2DB2480D0C30073A7D7 /* Debug */ = {
			isa = XCBuildConfiguration;
			buildSettings = {
				ALWAYS_EMBED_SWIFT_STANDARD_LIBRARIES = YES;
				BUNDLE_LOADER = "$(TEST_HOST)";
				CODE_SIGN_STYLE = Automatic;
				INFOPLIST_FILE = tasizanTests/Info.plist;
				IPHONEOS_DEPLOYMENT_TARGET = 13.5;
				LD_RUNPATH_SEARCH_PATHS = (
					"$(inherited)",
					"@executable_path/Frameworks",
					"@loader_path/Frameworks",
				);
				PRODUCT_BUNDLE_IDENTIFIER = DEAUX.tasizanTests;
				PRODUCT_NAME = "$(TARGET_NAME)";
				SWIFT_VERSION = 5.0;
				TARGETED_DEVICE_FAMILY = "1,2";
				TEST_HOST = "$(BUILT_PRODUCTS_DIR)/tasizan.app/tasizan";
			};
			name = Debug;
		};
		B47CB2DC2480D0C30073A7D7 /* Release */ = {
			isa = XCBuildConfiguration;
			buildSettings = {
				ALWAYS_EMBED_SWIFT_STANDARD_LIBRARIES = YES;
				BUNDLE_LOADER = "$(TEST_HOST)";
				CODE_SIGN_STYLE = Automatic;
				INFOPLIST_FILE = tasizanTests/Info.plist;
				IPHONEOS_DEPLOYMENT_TARGET = 13.5;
				LD_RUNPATH_SEARCH_PATHS = (
					"$(inherited)",
					"@executable_path/Frameworks",
					"@loader_path/Frameworks",
				);
				PRODUCT_BUNDLE_IDENTIFIER = DEAUX.tasizanTests;
				PRODUCT_NAME = "$(TARGET_NAME)";
				SWIFT_VERSION = 5.0;
				TARGETED_DEVICE_FAMILY = "1,2";
				TEST_HOST = "$(BUILT_PRODUCTS_DIR)/tasizan.app/tasizan";
			};
			name = Release;
		};
		B47CB2DE2480D0C30073A7D7 /* Debug */ = {
			isa = XCBuildConfiguration;
			buildSettings = {
				ALWAYS_EMBED_SWIFT_STANDARD_LIBRARIES = YES;
				CODE_SIGN_STYLE = Automatic;
				INFOPLIST_FILE = tasizanUITests/Info.plist;
				LD_RUNPATH_SEARCH_PATHS = (
					"$(inherited)",
					"@executable_path/Frameworks",
					"@loader_path/Frameworks",
				);
				PRODUCT_BUNDLE_IDENTIFIER = DEAUX.tasizanUITests;
				PRODUCT_NAME = "$(TARGET_NAME)";
				SWIFT_VERSION = 5.0;
				TARGETED_DEVICE_FAMILY = "1,2";
				TEST_TARGET_NAME = tasizan;
			};
			name = Debug;
		};
		B47CB2DF2480D0C30073A7D7 /* Release */ = {
			isa = XCBuildConfiguration;
			buildSettings = {
				ALWAYS_EMBED_SWIFT_STANDARD_LIBRARIES = YES;
				CODE_SIGN_STYLE = Automatic;
				INFOPLIST_FILE = tasizanUITests/Info.plist;
				LD_RUNPATH_SEARCH_PATHS = (
					"$(inherited)",
					"@executable_path/Frameworks",
					"@loader_path/Frameworks",
				);
				PRODUCT_BUNDLE_IDENTIFIER = DEAUX.tasizanUITests;
				PRODUCT_NAME = "$(TARGET_NAME)";
				SWIFT_VERSION = 5.0;
				TARGETED_DEVICE_FAMILY = "1,2";
				TEST_TARGET_NAME = tasizan;
			};
			name = Release;
		};
/* End XCBuildConfiguration section */

/* Begin XCConfigurationList section */
		B47CB2A82480D0C20073A7D7 /* Build configuration list for PBXProject "tasizan" */ = {
			isa = XCConfigurationList;
			buildConfigurations = (
				B47CB2D52480D0C30073A7D7 /* Debug */,
				B47CB2D62480D0C30073A7D7 /* Release */,
			);
			defaultConfigurationIsVisible = 0;
			defaultConfigurationName = Release;
		};
		B47CB2D72480D0C30073A7D7 /* Build configuration list for PBXNativeTarget "tasizan" */ = {
			isa = XCConfigurationList;
			buildConfigurations = (
				B47CB2D82480D0C30073A7D7 /* Debug */,
				B47CB2D92480D0C30073A7D7 /* Release */,
			);
			defaultConfigurationIsVisible = 0;
			defaultConfigurationName = Release;
		};
		B47CB2DA2480D0C30073A7D7 /* Build configuration list for PBXNativeTarget "tasizanTests" */ = {
			isa = XCConfigurationList;
			buildConfigurations = (
				B47CB2DB2480D0C30073A7D7 /* Debug */,
				B47CB2DC2480D0C30073A7D7 /* Release */,
			);
			defaultConfigurationIsVisible = 0;
			defaultConfigurationName = Release;
		};
		B47CB2DD2480D0C30073A7D7 /* Build configuration list for PBXNativeTarget "tasizanUITests" */ = {
			isa = XCConfigurationList;
			buildConfigurations = (
				B47CB2DE2480D0C30073A7D7 /* Debug */,
				B47CB2DF2480D0C30073A7D7 /* Release */,
			);
			defaultConfigurationIsVisible = 0;
			defaultConfigurationName = Release;
		};
/* End XCConfigurationList section */
	};
	rootObject = B47CB2A52480D0C20073A7D7 /* Project object */;
}
